schema: '2.0'
stages:
  run_pipeline:
    cmd: airbnb-ops run
    deps:
    - path: data/raw/listings_sample.csv
      hash: md5
      md5: f4be008a68bfc089e8e396a23370d07a
      size: 388
    - path: data/raw/neighbourhood_segments.csv
      hash: md5
      md5: 93aae4c9310766c078a45d311dfff912
      size: 182
    - path: src/airbnb_ops
      hash: md5
      md5: d09101cba15f9b52156976bb1c16237b.dir
      size: 12391
      nfiles: 15
    outs:
    - path: data/processed/airbnb_neighbourhood_summary.csv
      hash: md5
      md5: ae0031c1483f0cd4f43b351e18afd305
      size: 452
    - path: reports/hw01_a_run_report.md
      hash: md5
      md5: 2e9390d50554ef514383f0dd3db2f2d3
      size: 558
